
Microsoft Visual Studio Solution File, Format Version 12.00
# Visual Studio Version 17
VisualStudioVersion = 17.9.34622.214
MinimumVisualStudioVersion = 10.0.40219.1
Project("{FAE04EC0-301F-11D3-BF4B-00C04F79EFBC}") = "cyberpunk2020_character_list_desktop", "cyberpunk2020_character_list_desktop.csproj", "{47C9FBE0-5DD5-413C-9B01-BC13D9E8B1B3}"
EndProject
Global
	GlobalSection(SolutionConfigurationPlatforms) = preSolution
		Debug|Any CPU = Debug|Any CPU
		Release|Any CPU = Release|Any CPU
	EndGlobalSection
	GlobalSection(ProjectConfigurationPlatforms) = postSolution
		{47C9FBE0-5DD5-413C-9B01-BC13D9E8B1B3}.Debug|Any CPU.ActiveCfg = Debug|Any CPU
		{47C9FBE0-5DD5-413C-9B01-BC13D9E8B1B3}.Debug|Any CPU.Build.0 = Debug|Any CPU
		{47C9FBE0-5DD5-413C-9B01-BC13D9E8B1B3}.Release|Any CPU.ActiveCfg = Release|Any CPU
		{47C9FBE0-5DD5-413C-9B01-BC13D9E8B1B3}.Release|Any CPU.Build.0 = Release|Any CPU
	EndGlobalSection
	GlobalSection(SolutionProperties) = preSolution
		HideSolutionNode = FALSE
	EndGlobalSection
	GlobalSection(ExtensibilityGlobals) = postSolution
		SolutionGuid = {AEA8D282-7E8E-48CD-8A37-20CD3E0EE85B}
	EndGlobalSection
EndGlobal
