
Microsoft Visual Studio Solution File, Format Version 12.00
# Visual Studio Version 17
VisualStudioVersion = 17.12.35527.113
MinimumVisualStudioVersion = 10.0.40219.1
Project("{FAE04EC0-301F-11D3-BF4B-00C04F79EFBC}") = "Cyberpunk2020CharacterManagerWindowsApp", "Cyberpunk2020CharacterManagerWindowsApp\Cyberpunk2020CharacterManagerWindowsApp.csproj", "{7924C6B8-0252-4890-B1E9-238B483004BE}"
EndProject
Project("{FAE04EC0-301F-11D3-BF4B-00C04F79EFBC}") = "Cyberpunk2020GameEntities", "Cyberpunk2020GameEntities\Cyberpunk2020GameEntities.csproj", "{3FFF9A7E-E657-4E6F-85F2-30151183A94F}"
EndProject
Project("{FAE04EC0-301F-11D3-BF4B-00C04F79EFBC}") = "Cyberpunk2020CharacterManagerServer", "Cyberpunk2020CharacterManagerServer\Cyberpunk2020CharacterManagerServer.csproj", "{9FA9BA8B-6483-46B1-91BF-B34A210D57DA}"
EndProject
Project("{FAE04EC0-301F-11D3-BF4B-00C04F79EFBC}") = "Cyberpunk2020CharacterManager_network", "Cyberpunk2020CharacterManager_network\Cyberpunk2020CharacterManager_network.csproj", "{67EB735C-E25B-4695-A774-E54A823924A1}"
EndProject
Global
	GlobalSection(SolutionConfigurationPlatforms) = preSolution
		Debug|Any CPU = Debug|Any CPU
		Release|Any CPU = Release|Any CPU
	EndGlobalSection
	GlobalSection(ProjectConfigurationPlatforms) = postSolution
		{7924C6B8-0252-4890-B1E9-238B483004BE}.Debug|Any CPU.ActiveCfg = Debug|Any CPU
		{7924C6B8-0252-4890-B1E9-238B483004BE}.Debug|Any CPU.Build.0 = Debug|Any CPU
		{7924C6B8-0252-4890-B1E9-238B483004BE}.Release|Any CPU.ActiveCfg = Release|Any CPU
		{7924C6B8-0252-4890-B1E9-238B483004BE}.Release|Any CPU.Build.0 = Release|Any CPU
		{3FFF9A7E-E657-4E6F-85F2-30151183A94F}.Debug|Any CPU.ActiveCfg = Debug|Any CPU
		{3FFF9A7E-E657-4E6F-85F2-30151183A94F}.Debug|Any CPU.Build.0 = Debug|Any CPU
		{3FFF9A7E-E657-4E6F-85F2-30151183A94F}.Release|Any CPU.ActiveCfg = Release|Any CPU
		{3FFF9A7E-E657-4E6F-85F2-30151183A94F}.Release|Any CPU.Build.0 = Release|Any CPU
		{9FA9BA8B-6483-46B1-91BF-B34A210D57DA}.Debug|Any CPU.ActiveCfg = Debug|Any CPU
		{9FA9BA8B-6483-46B1-91BF-B34A210D57DA}.Debug|Any CPU.Build.0 = Debug|Any CPU
		{9FA9BA8B-6483-46B1-91BF-B34A210D57DA}.Release|Any CPU.ActiveCfg = Release|Any CPU
		{9FA9BA8B-6483-46B1-91BF-B34A210D57DA}.Release|Any CPU.Build.0 = Release|Any CPU
		{67EB735C-E25B-4695-A774-E54A823924A1}.Debug|Any CPU.ActiveCfg = Debug|Any CPU
		{67EB735C-E25B-4695-A774-E54A823924A1}.Debug|Any CPU.Build.0 = Debug|Any CPU
		{67EB735C-E25B-4695-A774-E54A823924A1}.Release|Any CPU.ActiveCfg = Release|Any CPU
		{67EB735C-E25B-4695-A774-E54A823924A1}.Release|Any CPU.Build.0 = Release|Any CPU
	EndGlobalSection
	GlobalSection(SolutionProperties) = preSolution
		HideSolutionNode = FALSE
	EndGlobalSection
	GlobalSection(ExtensibilityGlobals) = postSolution
		SolutionGuid = {E16C70B6-A15A-4FE6-ACE1-0594EA8C5824}
	EndGlobalSection
EndGlobal
